{
  "lockfile_version": "1",
  "packages": {
    "gcc@latest": {
      "last_modified": "2025-11-23T21:50:36Z",
      "resolved": "github:NixOS/nixpkgs/ee09932cedcef15aaf476f9343d1dea2cb77e261#gcc15",
      "source": "devbox-search",
      "version": "15.2.0",
      "systems": {
        "aarch64-darwin": {
          "outputs": [
            {
              "name": "out",
              "path": "/nix/store/10c1v61i0srsfrygar8lff6m04i0f87r-gcc-wrapper-15.2.0",
              "default": true
            },
            {
              "name": "man",
              "path": "/nix/store/ry1wn2cchv5nhqz1fjlfvjbzri9bqsfi-gcc-wrapper-15.2.0-man",
              "default": true
            },
            {
              "name": "info",
              "path": "/nix/store/0px8m9jkrr8bw9z9blvakxbn8ai1y3z4-gcc-wrapper-15.2.0-info"
            }
          ],
          "store_path": "/nix/store/10c1v61i0srsfrygar8lff6m04i0f87r-gcc-wrapper-15.2.0"
        },
        "aarch64-linux": {
          "outputs": [
            {
              "name": "out",
              "path": "/nix/store/sfbljndjwpaxpjlcqb1ijbwl5mrhg275-gcc-wrapper-15.2.0",
              "default": true
            },
            {
              "name": "man",
              "path": "/nix/store/n2yiyrp77gxvkymg89h3sc3jrwy2bsxw-gcc-wrapper-15.2.0-man",
              "default": true
            },
            {
              "name": "info",
              "path": "/nix/store/yvzyq172na36p1nci7qv8x9jf9k4jmkg-gcc-wrapper-15.2.0-info"
            }
          ],
          "store_path": "/nix/store/sfbljndjwpaxpjlcqb1ijbwl5mrhg275-gcc-wrapper-15.2.0"
        },
        "x86_64-darwin": {
          "outputs": [
            {
              "name": "out",
              "path": "/nix/store/an9sir2scyhjnj0nd46x9hmgwkzhlv37-gcc-wrapper-15.2.0",
              "default": true
            },
            {
              "name": "man",
              "path": "/nix/store/r35c3ssh1gwmp15xnz1jbihgzv7hpbrp-gcc-wrapper-15.2.0-man",
              "default": true
            },
            {
              "name": "info",
              "path": "/nix/store/3d8mkahyxfdm5780hr93npjqvcngj7cw-gcc-wrapper-15.2.0-info"
            }
          ],
          "store_path": "/nix/store/an9sir2scyhjnj0nd46x9hmgwkzhlv37-gcc-wrapper-15.2.0"
        },
        "x86_64-linux": {
          "outputs": [
            {
              "name": "out",
              "path": "/nix/store/c0gzhvsgxrl8lwdy1q9qwyjzandqjw53-gcc-wrapper-15.2.0",
              "default": true
            },
            {
              "name": "man",
              "path": "/nix/store/5s05f2faclcqkwxwk4mypwgy4fms66wl-gcc-wrapper-15.2.0-man",
              "default": true
            },
            {
              "name": "info",
              "path": "/nix/store/hj8i63x845rcqacn7jiqqzcxfcwj169q-gcc-wrapper-15.2.0-info"
            }
          ],
          "store_path": "/nix/store/c0gzhvsgxrl8lwdy1q9qwyjzandqjw53-gcc-wrapper-15.2.0"
        }
      }
    },
    "gh@latest": {
      "last_modified": "2025-12-31T03:27:36Z",
      "resolved": "github:NixOS/nixpkgs/f665af0cdb70ed27e1bd8f9fdfecaf451260fc55#gh",
      "source": "devbox-search",
      "version": "2.83.2",
      "systems": {
        "aarch64-darwin": {
          "outputs": [
            {
              "name": "out",
              "path": "/nix/store/628v229i04rb1dflknh615bpydpcd3q1-gh-2.83.2",
              "default": true
            }
          ],
          "store_path": "/nix/store/628v229i04rb1dflknh615bpydpcd3q1-gh-2.83.2"
        },
        "aarch64-linux": {
          "outputs": [
            {
              "name": "out",
              "path": "/nix/store/ricbdm2m9538a3hbkavwrfdrvg021kb6-gh-2.83.2",
              "default": true
            }
          ],
          "store_path": "/nix/store/ricbdm2m9538a3hbkavwrfdrvg021kb6-gh-2.83.2"
        },
        "x86_64-darwin": {
          "outputs": [
            {
              "name": "out",
              "path": "/nix/store/5xf0w0i8sq5ym2yb4a4gjjpakffwf24r-gh-2.83.2",
              "default": true
            }
          ],
          "store_path": "/nix/store/5xf0w0i8sq5ym2yb4a4gjjpakffwf24r-gh-2.83.2"
        },
        "x86_64-linux": {
          "outputs": [
            {
              "name": "out",
              "path": "/nix/store/6yfpl0bpgivl0xzr1fvzdwzwv3q5r08k-gh-2.83.2",
              "default": true
            }
          ],
          "store_path": "/nix/store/6yfpl0bpgivl0xzr1fvzdwzwv3q5r08k-gh-2.83.2"
        }
      }
    },
    "go@1.24.11": {
      "last_modified": "2025-12-03T03:51:48Z",
      "resolved": "github:NixOS/nixpkgs/cadcc8de247676e4751c9d4a935acb2c0b059113#go_1_24",
      "source": "devbox-search",
      "version": "1.24.11",
      "systems": {
        "aarch64-darwin": {
          "outputs": [
            {
              "name": "out",
              "path": "/nix/store/8k6qc3a84qvq9k85d7szjrknb91baqza-go-1.24.11",
              "default": true
            }
          ],
          "store_path": "/nix/store/8k6qc3a84qvq9k85d7szjrknb91baqza-go-1.24.11"
        },
        "aarch64-linux": {
          "outputs": [
            {
              "name": "out",
              "path": "/nix/store/qnfbvhrv4nv8rij76fp4pw6wjijc9dwh-go-1.24.11",
              "default": true
            }
          ],
          "store_path": "/nix/store/qnfbvhrv4nv8rij76fp4pw6wjijc9dwh-go-1.24.11"
        },
        "x86_64-darwin": {
          "outputs": [
            {
              "name": "out",
              "path": "/nix/store/cisrkjr39cdgwyc42r1348ly04jahh9d-go-1.24.11",
              "default": true
            }
          ],
          "store_path": "/nix/store/cisrkjr39cdgwyc42r1348ly04jahh9d-go-1.24.11"
        },
        "x86_64-linux": {
          "outputs": [
            {
              "name": "out",
              "path": "/nix/store/i2yqx3x40i64g0mcb2ray2rxvz1zwbhm-go-1.24.11",
              "default": true
            }
          ],
          "store_path": "/nix/store/i2yqx3x40i64g0mcb2ray2rxvz1zwbhm-go-1.24.11"
        }
      }
    },
    "libnetfilter_queue@latest": {
      "last_modified": "2025-11-23T21:50:36Z",
      "resolved": "github:NixOS/nixpkgs/ee09932cedcef15aaf476f9343d1dea2cb77e261#libnetfilter_queue",
      "source": "devbox-search",
      "version": "1.0.5",
      "systems": {
        "aarch64-linux": {
          "outputs": [
            {
              "name": "out",
              "path": "/nix/store/4zb0rlc437l1id9k5vggk151py8pgk1w-libnetfilter_queue-1.0.5",
              "default": true
            }
          ],
          "store_path": "/nix/store/4zb0rlc437l1id9k5vggk151py8pgk1w-libnetfilter_queue-1.0.5"
        },
        "x86_64-linux": {
          "outputs": [
            {
              "name": "out",
              "path": "/nix/store/lzi6zc6z4gq2vmiaz4dhhga5vz24r17g-libnetfilter_queue-1.0.5",
              "default": true
            }
          ],
          "store_path": "/nix/store/lzi6zc6z4gq2vmiaz4dhhga5vz24r17g-libnetfilter_queue-1.0.5"
        }
      }
    },
    "libnfnetlink@latest": {
      "last_modified": "2025-11-23T21:50:36Z",
      "resolved": "github:NixOS/nixpkgs/ee09932cedcef15aaf476f9343d1dea2cb77e261#libnfnetlink",
      "source": "devbox-search",
      "version": "1.0.2",
      "systems": {
        "aarch64-linux": {
          "outputs": [
            {
              "name": "out",
              "path": "/nix/store/q118sxc5fbdq6ay59l9a58as94m68wh1-libnfnetlink-1.0.2",
              "default": true
            }
          ],
          "store_path": "/nix/store/q118sxc5fbdq6ay59l9a58as94m68wh1-libnfnetlink-1.0.2"
        },
        "x86_64-linux": {
          "outputs": [
            {
              "name": "out",
              "path": "/nix/store/4r8szg26d0wp5ir82g9v7nnwwy682mmp-libnfnetlink-1.0.2",
              "default": true
            }
          ],
          "store_path": "/nix/store/4r8szg26d0wp5ir82g9v7nnwwy682mmp-libnfnetlink-1.0.2"
        }
      }
    },
    "nodejs@24": {
      "last_modified": "2025-11-18T03:14:24Z",
      "plugin_version": "0.0.2",
      "resolved": "github:NixOS/nixpkgs/0ade817efdde79cbc46b624c849027335ebc25c5#nodejs_24",
      "source": "devbox-search",
      "version": "24.11.1",
      "systems": {
        "aarch64-darwin": {
          "outputs": [
            {
              "name": "out",
              "path": "/nix/store/smlydln7rhjla1m6bm7sikqpb2zzrndm-nodejs-24.11.1",
              "default": true
            },
            {
              "name": "dev",
              "path": "/nix/store/kpgr84rv1fzc0lw6w7ip9l84a69w4p67-nodejs-24.11.1-dev"
            },
            {
              "name": "libv8",
              "path": "/nix/store/ly41f5b88x6kg0v033i13ys4zx04zs4x-nodejs-24.11.1-libv8"
            }
          ],
          "store_path": "/nix/store/smlydln7rhjla1m6bm7sikqpb2zzrndm-nodejs-24.11.1"
        },
        "aarch64-linux": {
          "outputs": [
            {
              "name": "out",
              "path": "/nix/store/33f60ljv7511fpiwz0g8q35vvzwjrbs1-nodejs-24.11.1",
              "default": true
            },
            {
              "name": "libv8",
              "path": "/nix/store/pw1hasfs8whl1iw24dsiwy46c7k04557-nodejs-24.11.1-libv8"
            },
            {
              "name": "dev",
              "path": "/nix/store/ygbsbi27120308bp2qgq3qjcfp8xj0xv-nodejs-24.11.1-dev"
            }
          ],
          "store_path": "/nix/store/33f60ljv7511fpiwz0g8q35vvzwjrbs1-nodejs-24.11.1"
        },
        "x86_64-darwin": {
          "outputs": [
            {
              "name": "out",
              "path": "/nix/store/i6rfha93a4a68g4qrkswlmf7pjbdp4mf-nodejs-24.11.1",
              "default": true
            },
            {
              "name": "libv8",
              "path": "/nix/store/rsf30lc4bw2qdsi5cdplm48bwnh2dfr3-nodejs-24.11.1-libv8"
            },
            {
              "name": "dev",
              "path": "/nix/store/x35q5gf3i49034l541b4h44xhhhni2xf-nodejs-24.11.1-dev"
            }
          ],
          "store_path": "/nix/store/i6rfha93a4a68g4qrkswlmf7pjbdp4mf-nodejs-24.11.1"
        },
        "x86_64-linux": {
          "outputs": [
            {
              "name": "out",
              "path": "/nix/store/plpk1lnwvinl18hwk363112r63g74iff-nodejs-24.11.1",
              "default": true
            },
            {
              "name": "dev",
              "path": "/nix/store/0vb8nk8jfnqnhgswybmd1ksf9ajq8hfw-nodejs-24.11.1-dev"
            },
            {
              "name": "libv8",
              "path": "/nix/store/0v3rsmcla79h0igpkjvgaz87xd1a5x3p-nodejs-24.11.1-libv8"
            }
          ],
          "store_path": "/nix/store/plpk1lnwvinl18hwk363112r63g74iff-nodejs-24.11.1"
        }
      }
    }
  }
}
